# THIS IS AN AUTOGENERATED FILE. DO NOT EDIT THIS FILE DIRECTLY.
# yarn lockfile v1
isexe@^1.1.1:
  version "1.1.2"
  resolved "https://registry.yarnpkg.com/isexe/-/isexe-1.1.2.tgz#36f3e22e60750920f5e7241a476a8c6a42275ad0"

npm-path:
  version "2.0.2"
  resolved "https://registry.yarnpkg.com/npm-path/-/npm-path-2.0.2.tgz#6462f098bb38e21e335a8c6f42d21d7b57f098c8"
  dependencies:
    which "^1.2.10"

which@^1.2.10:
  version "1.2.11"
  resolved "https://registry.yarnpkg.com/which/-/which-1.2.11.tgz#c8b2eeea6b8c1659fa7c1dd4fdaabe9533dc5e8b"
  dependencies:
    isexe "^1.1.1"

